
Microsoft Visual Studio Solution File, Format Version 12.00
# Visual Studio Version 17
VisualStudioVersion = 17.0.31903.59
MinimumVisualStudioVersion = 10.0.40219.1
Project("{FAE04EC0-301F-11D3-BF4B-00C04F79EFBC}") = "GameStore.Api", "GameStore.Api\GameStore.Api.csproj", "{D9278B92-816E-46A4-9EFC-E9E3B32D0F6B}"
EndProject
Global
	GlobalSection(SolutionConfigurationPlatforms) = preSolution
		Debug|Any CPU = Debug|Any CPU
		Release|Any CPU = Release|Any CPU
	EndGlobalSection
	GlobalSection(SolutionProperties) = preSolution
		HideSolutionNode = FALSE
	EndGlobalSection
	GlobalSection(ProjectConfigurationPlatforms) = postSolution
		{D9278B92-816E-46A4-9EFC-E9E3B32D0F6B}.Debug|Any CPU.ActiveCfg = Debug|Any CPU
		{D9278B92-816E-46A4-9EFC-E9E3B32D0F6B}.Debug|Any CPU.Build.0 = Debug|Any CPU
		{D9278B92-816E-46A4-9EFC-E9E3B32D0F6B}.Release|Any CPU.ActiveCfg = Release|Any CPU
		{D9278B92-816E-46A4-9EFC-E9E3B32D0F6B}.Release|Any CPU.Build.0 = Release|Any CPU
	EndGlobalSection
EndGlobal
